github.com/MicahParks/keyfunc v0.10.0 h1:jWNhUVtMchsdYVl714lrZL8On+SKPEvPKC+CpIN7HwE=
github.com/MicahParks/keyfunc v0.10.0/go.mod h1:R8RZa27qn+5cHTfYLJ9/+7aSb5JIdz7cl0XFo0o4muo=
github.com/go-chi/chi v1.5.4 h1:QHdzF2szwjqVV4wmByUnTcsbIg7UGaQ0tPF2t5GcAIs=
github.com/go-chi/chi v1.5.4/go.mod h1:uaf8YgoFazUOkPBG7fxPftUylNumIev9awIWOENIuEg=
github.com/go-chi/cors v1.2.0 h1:tV1g1XENQ8ku4Bq3K9ub2AtgG+p16SmzeMSGTwrOKdE=
github.com/go-chi/cors v1.2.0/go.mod h1:sSbTewc+6wYHBBCW7ytsFSn836hqM7JxpglAy2Vzc58=
github.com/golang-jwt/jwt/v4 v4.1.0 h1:XUgk2Ex5veyVFVeLm0xhusUTQybEbexJXrvPNOKkSY0=
github.com/golang-jwt/jwt/v4 v4.1.0/go.mod h1:/xlHOz8bRuivTWchD4jCa+NbatV+wEUSzwAxVc6locg=
